{
  "pins" : [
    {
      "identity" : "alamofire",
      "kind" : "remoteSourceControl",
      "location" : "https://github.com/Alamofire/Alamofire.git",
      "state" : {
        "revision" : "354dda32d89fc8cd4f5c46487f64957d355f53d8",
        "version" : "5.6.1"
      }
    },
    {
      "identity" : "kingfisher",
      "kind" : "remoteSourceControl",
      "location" : "https://github.com/onevcat/Kingfisher.git",
      "state" : {
        "branch" : "master",
        "revision" : "61f9dba5cdddbf29235091b1172939af47ebd933"
      }
    }
  ],
  "version" : 2
}
